
Microsoft Visual Studio Solution File, Format Version 12.00
# Visual Studio Version 17
VisualStudioVersion = 17.10.35122.118
MinimumVisualStudioVersion = 10.0.40219.1
Project("{FAE04EC0-301F-11D3-BF4B-00C04F79EFBC}") = "practica3", "practica3.csproj", "{BC18CCFA-C666-49CC-96DE-0DED0984853C}"
EndProject
Project("{FAE04EC0-301F-11D3-BF4B-00C04F79EFBC}") = "StudentSystemData", "..\StudentSystemData\StudentSystemData.csproj", "{6319390C-FF8E-4B15-9A7A-251C820500F5}"
EndProject
Global
	GlobalSection(SolutionConfigurationPlatforms) = preSolution
		Debug|Any CPU = Debug|Any CPU
		Release|Any CPU = Release|Any CPU
	EndGlobalSection
	GlobalSection(ProjectConfigurationPlatforms) = postSolution
		{BC18CCFA-C666-49CC-96DE-0DED0984853C}.Debug|Any CPU.ActiveCfg = Debug|Any CPU
		{BC18CCFA-C666-49CC-96DE-0DED0984853C}.Debug|Any CPU.Build.0 = Debug|Any CPU
		{BC18CCFA-C666-49CC-96DE-0DED0984853C}.Release|Any CPU.ActiveCfg = Release|Any CPU
		{BC18CCFA-C666-49CC-96DE-0DED0984853C}.Release|Any CPU.Build.0 = Release|Any CPU
		{6319390C-FF8E-4B15-9A7A-251C820500F5}.Debug|Any CPU.ActiveCfg = Debug|Any CPU
		{6319390C-FF8E-4B15-9A7A-251C820500F5}.Debug|Any CPU.Build.0 = Debug|Any CPU
		{6319390C-FF8E-4B15-9A7A-251C820500F5}.Release|Any CPU.ActiveCfg = Release|Any CPU
		{6319390C-FF8E-4B15-9A7A-251C820500F5}.Release|Any CPU.Build.0 = Release|Any CPU
	EndGlobalSection
	GlobalSection(SolutionProperties) = preSolution
		HideSolutionNode = FALSE
	EndGlobalSection
	GlobalSection(ExtensibilityGlobals) = postSolution
		SolutionGuid = {BAE5B57C-9496-4E33-884B-3D3B5A8B2B14}
	EndGlobalSection
EndGlobal
